// !$*UTF8*$!
{
	archiveVersion = 1;
	classes = {
	};
	objectVersion = 48;
	objects = {

/* Begin PBXBuildFile section */
		E910BF5020DA81D9009AA41D /* O.png in Resources */ = {isa = PBXBuildFile; fileRef = E910BF4E20DA81D8009AA41D /* O.png */; };
		E910BF5320DA8400009AA41D /* X.png in Resources */ = {isa = PBXBuildFile; fileRef = E910BF5220DA83FF009AA41D /* X.png */; };
		E91B144520D111A800492CE7 /* wireless-internet.png in Resources */ = {isa = PBXBuildFile; fileRef = E91B144420D111A800492CE7 /* wireless-internet.png */; };
		E91B144920D111CB00492CE7 /* no-wifi.png in Resources */ = {isa = PBXBuildFile; fileRef = E91B144820D111CB00492CE7 /* no-wifi.png */; };
		E91B144B20D111D800492CE7 /* no-wifi@2x.png in Resources */ = {isa = PBXBuildFile; fileRef = E91B144A20D111D800492CE7 /* no-wifi@2x.png */; };
		E9403C762020A98600BDE6A1 /* AppDelegate.swift in Sources */ = {isa = PBXBuildFile; fileRef = E9403C752020A98600BDE6A1 /* AppDelegate.swift */; };
		E9403C782020A98600BDE6A1 /* MainOfflineViewController.swift in Sources */ = {isa = PBXBuildFile; fileRef = E9403C772020A98600BDE6A1 /* MainOfflineViewController.swift */; };
		E9403C7B2020A98600BDE6A1 /* Main.storyboard in Resources */ = {isa = PBXBuildFile; fileRef = E9403C792020A98600BDE6A1 /* Main.storyboard */; };
		E9403C7D2020A98600BDE6A1 /* Assets.xcassets in Resources */ = {isa = PBXBuildFile; fileRef = E9403C7C2020A98600BDE6A1 /* Assets.xcassets */; };
		E9403C802020A98600BDE6A1 /* LaunchScreen.storyboard in Resources */ = {isa = PBXBuildFile; fileRef = E9403C7E2020A98600BDE6A1 /* LaunchScreen.storyboard */; };
		E982CE472021C82F00E9C066 /* grille.png in Resources */ = {isa = PBXBuildFile; fileRef = E982CE442021C82E00E9C066 /* grille.png */; };
		E9C2C8D720E3866C00DF2E09 /* MainOnlineViewController.swift in Sources */ = {isa = PBXBuildFile; fileRef = E9C2C8D620E3866C00DF2E09 /* MainOnlineViewController.swift */; };
		E9C2C8D920E3872200DF2E09 /* OnlineViewController.swift in Sources */ = {isa = PBXBuildFile; fileRef = E9C2C8D820E3872200DF2E09 /* OnlineViewController.swift */; };
		E9C2C90F20E3950400DF2E09 /* TTTSocket.swift in Sources */ = {isa = PBXBuildFile; fileRef = E9C2C90E20E3950400DF2E09 /* TTTSocket.swift */; };
		E9C62B4020E13D69009F3270 /* trophy@2x.png in Resources */ = {isa = PBXBuildFile; fileRef = E9C62B3E20E13D68009F3270 /* trophy@2x.png */; };
		E9C62B4120E13D69009F3270 /* trophy.png in Resources */ = {isa = PBXBuildFile; fileRef = E9C62B3F20E13D69009F3270 /* trophy.png */; };
		E9C62B4320E13F10009F3270 /* ScoreViewController.swift in Sources */ = {isa = PBXBuildFile; fileRef = E9C62B4220E13F10009F3270 /* ScoreViewController.swift */; };
		E9E52C4C2020BDA70057103F /* logo.png in Resources */ = {isa = PBXBuildFile; fileRef = E9E52C4B2020BDA70057103F /* logo.png */; };
		E9E52C4E2020C2840057103F /* OfllineViewController.swift in Sources */ = {isa = PBXBuildFile; fileRef = E9E52C4D2020C2840057103F /* OfllineViewController.swift */; };
		E9EBE47920DA9854009EA7D3 /* wireless-internet@2x.png in Resources */ = {isa = PBXBuildFile; fileRef = E9EBE47820DA9854009EA7D3 /* wireless-internet@2x.png */; };
		FED0E8F42D843FB766A1199D /* Pods_Tic_Tac_Toe.framework in Frameworks */ = {isa = PBXBuildFile; fileRef = 8E8D7F356AF02DE6041A39D1 /* Pods_Tic_Tac_Toe.framework */; };
/* End PBXBuildFile section */

/* Begin PBXCopyFilesBuildPhase section */
		E9C2C8D520E2898F00DF2E09 /* Embed Watch Content */ = {
			isa = PBXCopyFilesBuildPhase;
			buildActionMask = 2147483647;
			dstPath = "$(CONTENTS_FOLDER_PATH)/Watch";
			dstSubfolderSpec = 16;
			files = (
			);
			name = "Embed Watch Content";
			runOnlyForDeploymentPostprocessing = 0;
		};
/* End PBXCopyFilesBuildPhase section */

/* Begin PBXFileReference section */
		4387B91FE092FB07906C5F36 /* Pods-Tic Tac Toe.release.xcconfig */ = {isa = PBXFileReference; includeInIndex = 1; lastKnownFileType = text.xcconfig; name = "Pods-Tic Tac Toe.release.xcconfig"; path = "Pods/Target Support Files/Pods-Tic Tac Toe/Pods-Tic Tac Toe.release.xcconfig"; sourceTree = "<group>"; };
		552D1CECCC150B8F141910D9 /* Pods-Tic Tac Toe.debug.xcconfig */ = {isa = PBXFileReference; includeInIndex = 1; lastKnownFileType = text.xcconfig; name = "Pods-Tic Tac Toe.debug.xcconfig"; path = "Pods/Target Support Files/Pods-Tic Tac Toe/Pods-Tic Tac Toe.debug.xcconfig"; sourceTree = "<group>"; };
		8E8D7F356AF02DE6041A39D1 /* Pods_Tic_Tac_Toe.framework */ = {isa = PBXFileReference; explicitFileType = wrapper.framework; includeInIndex = 0; path = Pods_Tic_Tac_Toe.framework; sourceTree = BUILT_PRODUCTS_DIR; };
		E910BF4E20DA81D8009AA41D /* O.png */ = {isa = PBXFileReference; lastKnownFileType = image.png; path = O.png; sourceTree = "<group>"; };
		E910BF5220DA83FF009AA41D /* X.png */ = {isa = PBXFileReference; lastKnownFileType = image.png; path = X.png; sourceTree = "<group>"; };
		E91B144420D111A800492CE7 /* wireless-internet.png */ = {isa = PBXFileReference; lastKnownFileType = image.png; path = "wireless-internet.png"; sourceTree = "<group>"; };
		E91B144820D111CB00492CE7 /* no-wifi.png */ = {isa = PBXFileReference; lastKnownFileType = image.png; path = "no-wifi.png"; sourceTree = "<group>"; };
		E91B144A20D111D800492CE7 /* no-wifi@2x.png */ = {isa = PBXFileReference; lastKnownFileType = image.png; path = "no-wifi@2x.png"; sourceTree = "<group>"; };
		E9403C722020A98600BDE6A1 /* Tic Tac Toe.app */ = {isa = PBXFileReference; explicitFileType = wrapper.application; includeInIndex = 0; path = "Tic Tac Toe.app"; sourceTree = BUILT_PRODUCTS_DIR; };
		E9403C752020A98600BDE6A1 /* AppDelegate.swift */ = {isa = PBXFileReference; lastKnownFileType = sourcecode.swift; path = AppDelegate.swift; sourceTree = "<group>"; };
		E9403C772020A98600BDE6A1 /* MainOfflineViewController.swift */ = {isa = PBXFileReference; lastKnownFileType = sourcecode.swift; path = MainOfflineViewController.swift; sourceTree = "<group>"; };
		E9403C7A2020A98600BDE6A1 /* Base */ = {isa = PBXFileReference; lastKnownFileType = file.storyboard; name = Base; path = Base.lproj/Main.storyboard; sourceTree = "<group>"; };
		E9403C7C2020A98600BDE6A1 /* Assets.xcassets */ = {isa = PBXFileReference; lastKnownFileType = folder.assetcatalog; path = Assets.xcassets; sourceTree = "<group>"; };
		E9403C7F2020A98600BDE6A1 /* Base */ = {isa = PBXFileReference; lastKnownFileType = file.storyboard; name = Base; path = Base.lproj/LaunchScreen.storyboard; sourceTree = "<group>"; };
		E9403C812020A98600BDE6A1 /* Info.plist */ = {isa = PBXFileReference; lastKnownFileType = text.plist.xml; path = Info.plist; sourceTree = "<group>"; };
		E982CE442021C82E00E9C066 /* grille.png */ = {isa = PBXFileReference; lastKnownFileType = image.png; path = grille.png; sourceTree = "<group>"; };
		E9C2C8D620E3866C00DF2E09 /* MainOnlineViewController.swift */ = {isa = PBXFileReference; lastKnownFileType = sourcecode.swift; path = MainOnlineViewController.swift; sourceTree = "<group>"; };
		E9C2C8D820E3872200DF2E09 /* OnlineViewController.swift */ = {isa = PBXFileReference; lastKnownFileType = sourcecode.swift; path = OnlineViewController.swift; sourceTree = "<group>"; };
		E9C2C90E20E3950400DF2E09 /* TTTSocket.swift */ = {isa = PBXFileReference; lastKnownFileType = sourcecode.swift; path = TTTSocket.swift; sourceTree = "<group>"; };
		E9C62B3E20E13D68009F3270 /* trophy@2x.png */ = {isa = PBXFileReference; lastKnownFileType = image.png; path = "trophy@2x.png"; sourceTree = "<group>"; };
		E9C62B3F20E13D69009F3270 /* trophy.png */ = {isa = PBXFileReference; lastKnownFileType = image.png; path = trophy.png; sourceTree = "<group>"; };
		E9C62B4220E13F10009F3270 /* ScoreViewController.swift */ = {isa = PBXFileReference; lastKnownFileType = sourcecode.swift; path = ScoreViewController.swift; sourceTree = "<group>"; };
		E9E52C4B2020BDA70057103F /* logo.png */ = {isa = PBXFileReference; lastKnownFileType = image.png; path = logo.png; sourceTree = "<group>"; };
		E9E52C4D2020C2840057103F /* OfllineViewController.swift */ = {isa = PBXFileReference; lastKnownFileType = sourcecode.swift; path = OfllineViewController.swift; sourceTree = "<group>"; };
		E9EBE47820DA9854009EA7D3 /* wireless-internet@2x.png */ = {isa = PBXFileReference; lastKnownFileType = image.png; path = "wireless-internet@2x.png"; sourceTree = "<group>"; };
/* End PBXFileReference section */

/* Begin PBXFrameworksBuildPhase section */
		E9403C6F2020A98600BDE6A1 /* Frameworks */ = {
			isa = PBXFrameworksBuildPhase;
			buildActionMask = 2147483647;
			files = (
				FED0E8F42D843FB766A1199D /* Pods_Tic_Tac_Toe.framework in Frameworks */,
			);
			runOnlyForDeploymentPostprocessing = 0;
		};
/* End PBXFrameworksBuildPhase section */

/* Begin PBXGroup section */
		72F419F881BCDAA72DAA5E10 /* Frameworks */ = {
			isa = PBXGroup;
			children = (
				8E8D7F356AF02DE6041A39D1 /* Pods_Tic_Tac_Toe.framework */,
			);
			name = Frameworks;
			sourceTree = "<group>";
		};
		E9403C692020A98600BDE6A1 = {
			isa = PBXGroup;
			children = (
				E9403C742020A98600BDE6A1 /* Tic Tac Toe */,
				E9403C732020A98600BDE6A1 /* Products */,
				F6CA7FC6694D2C6E3897164C /* Pods */,
				72F419F881BCDAA72DAA5E10 /* Frameworks */,
			);
			sourceTree = "<group>";
		};
		E9403C732020A98600BDE6A1 /* Products */ = {
			isa = PBXGroup;
			children = (
				E9403C722020A98600BDE6A1 /* Tic Tac Toe.app */,
			);
			name = Products;
			sourceTree = "<group>";
		};
		E9403C742020A98600BDE6A1 /* Tic Tac Toe */ = {
			isa = PBXGroup;
			children = (
				E9C2C8A720E2730E00DF2E09 /* Assets */,
				E9403C752020A98600BDE6A1 /* AppDelegate.swift */,
				E9403C812020A98600BDE6A1 /* Info.plist */,
				E9403C792020A98600BDE6A1 /* Main.storyboard */,
				E9403C7E2020A98600BDE6A1 /* LaunchScreen.storyboard */,
				E9403C7C2020A98600BDE6A1 /* Assets.xcassets */,
				E9403C772020A98600BDE6A1 /* MainOfflineViewController.swift */,
				E9E52C4D2020C2840057103F /* OfllineViewController.swift */,
				E9C2C8D620E3866C00DF2E09 /* MainOnlineViewController.swift */,
				E9C2C8D820E3872200DF2E09 /* OnlineViewController.swift */,
				E9C62B4220E13F10009F3270 /* ScoreViewController.swift */,
				E9C2C90E20E3950400DF2E09 /* TTTSocket.swift */,
			);
			path = "Tic Tac Toe";
			sourceTree = "<group>";
		};
		E9C2C8A720E2730E00DF2E09 /* Assets */ = {
			isa = PBXGroup;
			children = (
				E9C62B3F20E13D69009F3270 /* trophy.png */,
				E9C62B3E20E13D68009F3270 /* trophy@2x.png */,
				E9EBE47820DA9854009EA7D3 /* wireless-internet@2x.png */,
				E910BF5220DA83FF009AA41D /* X.png */,
				E910BF4E20DA81D8009AA41D /* O.png */,
				E982CE442021C82E00E9C066 /* grille.png */,
				E9E52C4B2020BDA70057103F /* logo.png */,
				E91B144820D111CB00492CE7 /* no-wifi.png */,
				E91B144A20D111D800492CE7 /* no-wifi@2x.png */,
				E91B144420D111A800492CE7 /* wireless-internet.png */,
			);
			path = Assets;
			sourceTree = "<group>";
		};
		F6CA7FC6694D2C6E3897164C /* Pods */ = {
			isa = PBXGroup;
			children = (
				552D1CECCC150B8F141910D9 /* Pods-Tic Tac Toe.debug.xcconfig */,
				4387B91FE092FB07906C5F36 /* Pods-Tic Tac Toe.release.xcconfig */,
			);
			name = Pods;
			sourceTree = "<group>";
		};
/* End PBXGroup section */

/* Begin PBXNativeTarget section */
		E9403C712020A98600BDE6A1 /* Tic Tac Toe */ = {
			isa = PBXNativeTarget;
			buildConfigurationList = E9403C842020A98600BDE6A1 /* Build configuration list for PBXNativeTarget "Tic Tac Toe" */;
			buildPhases = (
				B9EF337AC5C492617101616F /* [CP] Check Pods Manifest.lock */,
				E9403C6E2020A98600BDE6A1 /* Sources */,
				E9403C6F2020A98600BDE6A1 /* Frameworks */,
				E9403C702020A98600BDE6A1 /* Resources */,
				E9C2C8D520E2898F00DF2E09 /* Embed Watch Content */,
				94C292C77ED732AA49E98EEF /* [CP] Embed Pods Frameworks */,
			);
			buildRules = (
			);
			dependencies = (
			);
			name = "Tic Tac Toe";
			productName = "Tic Tac Toe";
			productReference = E9403C722020A98600BDE6A1 /* Tic Tac Toe.app */;
			productType = "com.apple.product-type.application";
		};
/* End PBXNativeTarget section */

/* Begin PBXProject section */
		E9403C6A2020A98600BDE6A1 /* Project object */ = {
			isa = PBXProject;
			attributes = {
				LastSwiftUpdateCheck = 0940;
				LastUpgradeCheck = 1000;
				ORGANIZATIONNAME = "Anthony Spault";
				TargetAttributes = {
					E9403C712020A98600BDE6A1 = {
						CreatedOnToolsVersion = 9.2;
						LastSwiftMigration = 1000;
						ProvisioningStyle = Automatic;
					};
				};
			};
			buildConfigurationList = E9403C6D2020A98600BDE6A1 /* Build configuration list for PBXProject "Tic Tac Toe" */;
			compatibilityVersion = "Xcode 8.0";
			developmentRegion = en;
			hasScannedForEncodings = 0;
			knownRegions = (
				en,
				Base,
			);
			mainGroup = E9403C692020A98600BDE6A1;
			productRefGroup = E9403C732020A98600BDE6A1 /* Products */;
			projectDirPath = "";
			projectRoot = "";
			targets = (
				E9403C712020A98600BDE6A1 /* Tic Tac Toe */,
			);
		};
/* End PBXProject section */

/* Begin PBXResourcesBuildPhase section */
		E9403C702020A98600BDE6A1 /* Resources */ = {
			isa = PBXResourcesBuildPhase;
			buildActionMask = 2147483647;
			files = (
				E910BF5320DA8400009AA41D /* X.png in Resources */,
				E9C62B4120E13D69009F3270 /* trophy.png in Resources */,
				E982CE472021C82F00E9C066 /* grille.png in Resources */,
				E9403C802020A98600BDE6A1 /* LaunchScreen.storyboard in Resources */,
				E91B144520D111A800492CE7 /* wireless-internet.png in Resources */,
				E9403C7D2020A98600BDE6A1 /* Assets.xcassets in Resources */,
				E9EBE47920DA9854009EA7D3 /* wireless-internet@2x.png in Resources */,
				E91B144B20D111D800492CE7 /* no-wifi@2x.png in Resources */,
				E9E52C4C2020BDA70057103F /* logo.png in Resources */,
				E9C62B4020E13D69009F3270 /* trophy@2x.png in Resources */,
				E91B144920D111CB00492CE7 /* no-wifi.png in Resources */,
				E9403C7B2020A98600BDE6A1 /* Main.storyboard in Resources */,
				E910BF5020DA81D9009AA41D /* O.png in Resources */,
			);
			runOnlyForDeploymentPostprocessing = 0;
		};
/* End PBXResourcesBuildPhase section */

/* Begin PBXShellScriptBuildPhase section */
		94C292C77ED732AA49E98EEF /* [CP] Embed Pods Frameworks */ = {
			isa = PBXShellScriptBuildPhase;
			buildActionMask = 2147483647;
			files = (
			);
			inputPaths = (
				"${SRCROOT}/Pods/Target Support Files/Pods-Tic Tac Toe/Pods-Tic Tac Toe-frameworks.sh",
				"${BUILT_PRODUCTS_DIR}/Socket.IO-Client-Swift/SocketIO.framework",
				"${BUILT_PRODUCTS_DIR}/StarscreamSocketIO/StarscreamSocketIO.framework",
			);
			name = "[CP] Embed Pods Frameworks";
			outputPaths = (
				"${TARGET_BUILD_DIR}/${FRAMEWORKS_FOLDER_PATH}/SocketIO.framework",
				"${TARGET_BUILD_DIR}/${FRAMEWORKS_FOLDER_PATH}/StarscreamSocketIO.framework",
			);
			runOnlyForDeploymentPostprocessing = 0;
			shellPath = /bin/sh;
			shellScript = "\"${SRCROOT}/Pods/Target Support Files/Pods-Tic Tac Toe/Pods-Tic Tac Toe-frameworks.sh\"\n";
			showEnvVarsInLog = 0;
		};
		B9EF337AC5C492617101616F /* [CP] Check Pods Manifest.lock */ = {
			isa = PBXShellScriptBuildPhase;
			buildActionMask = 2147483647;
			files = (
			);
			inputPaths = (
				"${PODS_PODFILE_DIR_PATH}/Podfile.lock",
				"${PODS_ROOT}/Manifest.lock",
			);
			name = "[CP] Check Pods Manifest.lock";
			outputPaths = (
				"$(DERIVED_FILE_DIR)/Pods-Tic Tac Toe-checkManifestLockResult.txt",
			);
			runOnlyForDeploymentPostprocessing = 0;
			shellPath = /bin/sh;
			shellScript = "diff \"${PODS_PODFILE_DIR_PATH}/Podfile.lock\" \"${PODS_ROOT}/Manifest.lock\" > /dev/null\nif [ $? != 0 ] ; then\n    # print error to STDERR\n    echo \"error: The sandbox is not in sync with the Podfile.lock. Run 'pod install' or update your CocoaPods installation.\" >&2\n    exit 1\nfi\n# This output is used by Xcode 'outputs' to avoid re-running this script phase.\necho \"SUCCESS\" > \"${SCRIPT_OUTPUT_FILE_0}\"\n";
			showEnvVarsInLog = 0;
		};
/* End PBXShellScriptBuildPhase section */

/* Begin PBXSourcesBuildPhase section */
		E9403C6E2020A98600BDE6A1 /* Sources */ = {
			isa = PBXSourcesBuildPhase;
			buildActionMask = 2147483647;
			files = (
				E9E52C4E2020C2840057103F /* OfllineViewController.swift in Sources */,
				E9403C782020A98600BDE6A1 /* MainOfflineViewController.swift in Sources */,
				E9403C762020A98600BDE6A1 /* AppDelegate.swift in Sources */,
				E9C2C8D920E3872200DF2E09 /* OnlineViewController.swift in Sources */,
				E9C2C90F20E3950400DF2E09 /* TTTSocket.swift in Sources */,
				E9C2C8D720E3866C00DF2E09 /* MainOnlineViewController.swift in Sources */,
				E9C62B4320E13F10009F3270 /* ScoreViewController.swift in Sources */,
			);
			runOnlyForDeploymentPostprocessing = 0;
		};
/* End PBXSourcesBuildPhase section */

/* Begin PBXVariantGroup section */
		E9403C792020A98600BDE6A1 /* Main.storyboard */ = {
			isa = PBXVariantGroup;
			children = (
				E9403C7A2020A98600BDE6A1 /* Base */,
			);
			name = Main.storyboard;
			sourceTree = "<group>";
		};
		E9403C7E2020A98600BDE6A1 /* LaunchScreen.storyboard */ = {
			isa = PBXVariantGroup;
			children = (
				E9403C7F2020A98600BDE6A1 /* Base */,
			);
			name = LaunchScreen.storyboard;
			sourceTree = "<group>";
		};
/* End PBXVariantGroup section */

/* Begin XCBuildConfiguration section */
		E9403C822020A98600BDE6A1 /* Debug */ = {
			isa = XCBuildConfiguration;
			buildSettings = {
				ALWAYS_SEARCH_USER_PATHS = NO;
				CLANG_ANALYZER_NONNULL = YES;
				CLANG_ANALYZER_NUMBER_OBJECT_CONVERSION = YES_AGGRESSIVE;
				CLANG_CXX_LANGUAGE_STANDARD = "gnu++14";
				CLANG_CXX_LIBRARY = "libc++";
				CLANG_ENABLE_MODULES = YES;
				CLANG_ENABLE_OBJC_ARC = YES;
				CLANG_WARN_BLOCK_CAPTURE_AUTORELEASING = YES;
				CLANG_WARN_BOOL_CONVERSION = YES;
				CLANG_WARN_COMMA = YES;
				CLANG_WARN_CONSTANT_CONVERSION = YES;
				CLANG_WARN_DEPRECATED_OBJC_IMPLEMENTATIONS = YES;
				CLANG_WARN_DIRECT_OBJC_ISA_USAGE = YES_ERROR;
				CLANG_WARN_DOCUMENTATION_COMMENTS = YES;
				CLANG_WARN_EMPTY_BODY = YES;
				CLANG_WARN_ENUM_CONVERSION = YES;
				CLANG_WARN_INFINITE_RECURSION = YES;
				CLANG_WARN_INT_CONVERSION = YES;
				CLANG_WARN_NON_LITERAL_NULL_CONVERSION = YES;
				CLANG_WARN_OBJC_IMPLICIT_RETAIN_SELF = YES;
				CLANG_WARN_OBJC_LITERAL_CONVERSION = YES;
				CLANG_WARN_OBJC_ROOT_CLASS = YES_ERROR;
				CLANG_WARN_RANGE_LOOP_ANALYSIS = YES;
				CLANG_WARN_STRICT_PROTOTYPES = YES;
				CLANG_WARN_SUSPICIOUS_MOVE = YES;
				CLANG_WARN_UNGUARDED_AVAILABILITY = YES_AGGRESSIVE;
				CLANG_WARN_UNREACHABLE_CODE = YES;
				CLANG_WARN__DUPLICATE_METHOD_MATCH = YES;
				CODE_SIGN_IDENTITY = "iPhone Developer";
				COPY_PHASE_STRIP = NO;
				DEBUG_INFORMATION_FORMAT = dwarf;
				ENABLE_STRICT_OBJC_MSGSEND = YES;
				ENABLE_TESTABILITY = YES;
				GCC_C_LANGUAGE_STANDARD = gnu11;
				GCC_DYNAMIC_NO_PIC = NO;
				GCC_NO_COMMON_BLOCKS = YES;
				GCC_OPTIMIZATION_LEVEL = 0;
				GCC_PREPROCESSOR_DEFINITIONS = (
					"DEBUG=1",
					"$(inherited)",
				);
				GCC_WARN_64_TO_32_BIT_CONVERSION = YES;
				GCC_WARN_ABOUT_RETURN_TYPE = YES_ERROR;
				GCC_WARN_UNDECLARED_SELECTOR = YES;
				GCC_WARN_UNINITIALIZED_AUTOS = YES_AGGRESSIVE;
				GCC_WARN_UNUSED_FUNCTION = YES;
				GCC_WARN_UNUSED_VARIABLE = YES;
				IPHONEOS_DEPLOYMENT_TARGET = 11.2;
				MTL_ENABLE_DEBUG_INFO = YES;
				ONLY_ACTIVE_ARCH = YES;
				SDKROOT = iphoneos;
				SWIFT_ACTIVE_COMPILATION_CONDITIONS = DEBUG;
				SWIFT_OPTIMIZATION_LEVEL = "-Onone";
			};
			name = Debug;
		};
		E9403C832020A98600BDE6A1 /* Release */ = {
			isa = XCBuildConfiguration;
			buildSettings = {
				ALWAYS_SEARCH_USER_PATHS = NO;
				CLANG_ANALYZER_NONNULL = YES;
				CLANG_ANALYZER_NUMBER_OBJECT_CONVERSION = YES_AGGRESSIVE;
				CLANG_CXX_LANGUAGE_STANDARD = "gnu++14";
				CLANG_CXX_LIBRARY = "libc++";
				CLANG_ENABLE_MODULES = YES;
				CLANG_ENABLE_OBJC_ARC = YES;
				CLANG_WARN_BLOCK_CAPTURE_AUTORELEASING = YES;
				CLANG_WARN_BOOL_CONVERSION = YES;
				CLANG_WARN_COMMA = YES;
				CLANG_WARN_CONSTANT_CONVERSION = YES;
				CLANG_WARN_DEPRECATED_OBJC_IMPLEMENTATIONS = YES;
				CLANG_WARN_DIRECT_OBJC_ISA_USAGE = YES_ERROR;
				CLANG_WARN_DOCUMENTATION_COMMENTS = YES;
				CLANG_WARN_EMPTY_BODY = YES;
				CLANG_WARN_ENUM_CONVERSION = YES;
				CLANG_WARN_INFINITE_RECURSION = YES;
				CLANG_WARN_INT_CONVERSION = YES;
				CLANG_WARN_NON_LITERAL_NULL_CONVERSION = YES;
				CLANG_WARN_OBJC_IMPLICIT_RETAIN_SELF = YES;
				CLANG_WARN_OBJC_LITERAL_CONVERSION = YES;
				CLANG_WARN_OBJC_ROOT_CLASS = YES_ERROR;
				CLANG_WARN_RANGE_LOOP_ANALYSIS = YES;
				CLANG_WARN_STRICT_PROTOTYPES = YES;
				CLANG_WARN_SUSPICIOUS_MOVE = YES;
				CLANG_WARN_UNGUARDED_AVAILABILITY = YES_AGGRESSIVE;
				CLANG_WARN_UNREACHABLE_CODE = YES;
				CLANG_WARN__DUPLICATE_METHOD_MATCH = YES;
				CODE_SIGN_IDENTITY = "iPhone Developer";
				COPY_PHASE_STRIP = NO;
				DEBUG_INFORMATION_FORMAT = "dwarf-with-dsym";
				ENABLE_NS_ASSERTIONS = NO;
				ENABLE_STRICT_OBJC_MSGSEND = YES;
				GCC_C_LANGUAGE_STANDARD = gnu11;
				GCC_NO_COMMON_BLOCKS = YES;
				GCC_WARN_64_TO_32_BIT_CONVERSION = YES;
				GCC_WARN_ABOUT_RETURN_TYPE = YES_ERROR;
				GCC_WARN_UNDECLARED_SELECTOR = YES;
				GCC_WARN_UNINITIALIZED_AUTOS = YES_AGGRESSIVE;
				GCC_WARN_UNUSED_FUNCTION = YES;
				GCC_WARN_UNUSED_VARIABLE = YES;
				IPHONEOS_DEPLOYMENT_TARGET = 11.2;
				MTL_ENABLE_DEBUG_INFO = NO;
				SDKROOT = iphoneos;
				SWIFT_OPTIMIZATION_LEVEL = "-Owholemodule";
				VALIDATE_PRODUCT = YES;
			};
			name = Release;
		};
		E9403C852020A98600BDE6A1 /* Debug */ = {
			isa = XCBuildConfiguration;
			baseConfigurationReference = 552D1CECCC150B8F141910D9 /* Pods-Tic Tac Toe.debug.xcconfig */;
			buildSettings = {
				ASSETCATALOG_COMPILER_APPICON_NAME = AppIcon;
				CODE_SIGN_STYLE = Automatic;
				DEVELOPMENT_TEAM = H3NW2DZFME;
				INFOPLIST_FILE = "Tic Tac Toe/Info.plist";
				LD_RUNPATH_SEARCH_PATHS = "$(inherited) @executable_path/Frameworks";
				PRODUCT_BUNDLE_IDENTIFIER = anthonyspault.tictactoe;
				PRODUCT_NAME = "$(TARGET_NAME)";
				SWIFT_VERSION = 4.0;
				TARGETED_DEVICE_FAMILY = "1,2";
			};
			name = Debug;
		};
		E9403C862020A98600BDE6A1 /* Release */ = {
			isa = XCBuildConfiguration;
			baseConfigurationReference = 4387B91FE092FB07906C5F36 /* Pods-Tic Tac Toe.release.xcconfig */;
			buildSettings = {
				ASSETCATALOG_COMPILER_APPICON_NAME = AppIcon;
				CODE_SIGN_STYLE = Automatic;
				DEVELOPMENT_TEAM = H3NW2DZFME;
				INFOPLIST_FILE = "Tic Tac Toe/Info.plist";
				LD_RUNPATH_SEARCH_PATHS = "$(inherited) @executable_path/Frameworks";
				PRODUCT_BUNDLE_IDENTIFIER = anthonyspault.tictactoe;
				PRODUCT_NAME = "$(TARGET_NAME)";
				SWIFT_VERSION = 4.0;
				TARGETED_DEVICE_FAMILY = "1,2";
			};
			name = Release;
		};
/* End XCBuildConfiguration section */

/* Begin XCConfigurationList section */
		E9403C6D2020A98600BDE6A1 /* Build configuration list for PBXProject "Tic Tac Toe" */ = {
			isa = XCConfigurationList;
			buildConfigurations = (
				E9403C822020A98600BDE6A1 /* Debug */,
				E9403C832020A98600BDE6A1 /* Release */,
			);
			defaultConfigurationIsVisible = 0;
			defaultConfigurationName = Release;
		};
		E9403C842020A98600BDE6A1 /* Build configuration list for PBXNativeTarget "Tic Tac Toe" */ = {
			isa = XCConfigurationList;
			buildConfigurations = (
				E9403C852020A98600BDE6A1 /* Debug */,
				E9403C862020A98600BDE6A1 /* Release */,
			);
			defaultConfigurationIsVisible = 0;
			defaultConfigurationName = Release;
		};
/* End XCConfigurationList section */
	};
	rootObject = E9403C6A2020A98600BDE6A1 /* Project object */;
}
